
Microsoft Visual Studio Solution File, Format Version 12.00
# Visual Studio Version 16
VisualStudioVersion = 16.0.30503.244
MinimumVisualStudioVersion = 10.0.40219.1
Project("{FAE04EC0-301F-11D3-BF4B-00C04F79EFBC}") = "WebApplication_sitioweb", "WebApplication_sitioweb\WebApplication_sitioweb.csproj", "{C07DD487-56E3-4E37-88DE-FB293A78E7DD}"
EndProject
Global
	GlobalSection(SolutionConfigurationPlatforms) = preSolution
		Debug|Any CPU = Debug|Any CPU
		Release|Any CPU = Release|Any CPU
	EndGlobalSection
	GlobalSection(ProjectConfigurationPlatforms) = postSolution
		{C07DD487-56E3-4E37-88DE-FB293A78E7DD}.Debug|Any CPU.ActiveCfg = Debug|Any CPU
		{C07DD487-56E3-4E37-88DE-FB293A78E7DD}.Debug|Any CPU.Build.0 = Debug|Any CPU
		{C07DD487-56E3-4E37-88DE-FB293A78E7DD}.Release|Any CPU.ActiveCfg = Release|Any CPU
		{C07DD487-56E3-4E37-88DE-FB293A78E7DD}.Release|Any CPU.Build.0 = Release|Any CPU
	EndGlobalSection
	GlobalSection(SolutionProperties) = preSolution
		HideSolutionNode = FALSE
	EndGlobalSection
	GlobalSection(ExtensibilityGlobals) = postSolution
		SolutionGuid = {44B39B7B-5FFD-4021-A111-C7688E988B40}
	EndGlobalSection
EndGlobal
